
Microsoft Visual Studio Solution File, Format Version 12.00
# Visual Studio 2012
Project("{FAE04EC0-301F-11D3-BF4B-00C04F79EFBC}") = "Utility", "Utility.csproj", "{F77F726E-7F1C-4322-848D-4C6040F3566D}"
EndProject
Project("{FAE04EC0-301F-11D3-BF4B-00C04F79EFBC}") = "Utility.tests", "..\Utility.tests\Utility.tests.csproj", "{708FED19-EFAD-4440-9656-BF719591164A}"
EndProject
Global
	GlobalSection(SolutionConfigurationPlatforms) = preSolution
		Debug|Any CPU = Debug|Any CPU
		Release|Any CPU = Release|Any CPU
	EndGlobalSection
	GlobalSection(ProjectConfigurationPlatforms) = postSolution
		{F77F726E-7F1C-4322-848D-4C6040F3566D}.Debug|Any CPU.ActiveCfg = Debug|Any CPU
		{F77F726E-7F1C-4322-848D-4C6040F3566D}.Debug|Any CPU.Build.0 = Debug|Any CPU
		{F77F726E-7F1C-4322-848D-4C6040F3566D}.Release|Any CPU.ActiveCfg = Release|Any CPU
		{F77F726E-7F1C-4322-848D-4C6040F3566D}.Release|Any CPU.Build.0 = Release|Any CPU
		{708FED19-EFAD-4440-9656-BF719591164A}.Debug|Any CPU.ActiveCfg = Debug|Any CPU
		{708FED19-EFAD-4440-9656-BF719591164A}.Debug|Any CPU.Build.0 = Debug|Any CPU
		{708FED19-EFAD-4440-9656-BF719591164A}.Release|Any CPU.ActiveCfg = Release|Any CPU
		{708FED19-EFAD-4440-9656-BF719591164A}.Release|Any CPU.Build.0 = Release|Any CPU
	EndGlobalSection
	GlobalSection(SolutionProperties) = preSolution
		HideSolutionNode = FALSE
	EndGlobalSection
EndGlobal
