
Microsoft Visual Studio Solution File, Format Version 12.00
# Visual Studio 2012
Project("{FAE04EC0-301F-11D3-BF4B-00C04F79EFBC}") = "BitCount", "BitCount\BitCount.csproj", "{876C6F06-B77F-4505-8C67-1CAAEBF256E9}"
EndProject
Project("{FAE04EC0-301F-11D3-BF4B-00C04F79EFBC}") = "BitCountTest", "BitCountTest\BitCountTest.csproj", "{B15AD52E-7030-451C-A93F-41969A682BCC}"
EndProject
Global
	GlobalSection(SolutionConfigurationPlatforms) = preSolution
		Debug|Any CPU = Debug|Any CPU
		Release|Any CPU = Release|Any CPU
	EndGlobalSection
	GlobalSection(ProjectConfigurationPlatforms) = postSolution
		{876C6F06-B77F-4505-8C67-1CAAEBF256E9}.Debug|Any CPU.ActiveCfg = Debug|Any CPU
		{876C6F06-B77F-4505-8C67-1CAAEBF256E9}.Debug|Any CPU.Build.0 = Debug|Any CPU
		{876C6F06-B77F-4505-8C67-1CAAEBF256E9}.Release|Any CPU.ActiveCfg = Release|Any CPU
		{876C6F06-B77F-4505-8C67-1CAAEBF256E9}.Release|Any CPU.Build.0 = Release|Any CPU
		{B15AD52E-7030-451C-A93F-41969A682BCC}.Debug|Any CPU.ActiveCfg = Debug|Any CPU
		{B15AD52E-7030-451C-A93F-41969A682BCC}.Debug|Any CPU.Build.0 = Debug|Any CPU
		{B15AD52E-7030-451C-A93F-41969A682BCC}.Release|Any CPU.ActiveCfg = Release|Any CPU
		{B15AD52E-7030-451C-A93F-41969A682BCC}.Release|Any CPU.Build.0 = Release|Any CPU
	EndGlobalSection
	GlobalSection(SolutionProperties) = preSolution
		HideSolutionNode = FALSE
	EndGlobalSection
EndGlobal
