
Microsoft Visual Studio Solution File, Format Version 12.00
# Visual Studio 2012
Project("{FAE04EC0-301F-11D3-BF4B-00C04F79EFBC}") = "Maze", "Maze\Maze.csproj", "{9E3B5DAC-9A4A-446D-9F26-99F0FD00361E}"
EndProject
Project("{FAE04EC0-301F-11D3-BF4B-00C04F79EFBC}") = "Graphs", "Graphs\Graphs.csproj", "{6383A5DA-25D8-43DB-AB2D-EF96F816DE2A}"
EndProject
Project("{FAE04EC0-301F-11D3-BF4B-00C04F79EFBC}") = "MazeVizualizer", "MazeVizualizer\MazeVizualizer.csproj", "{6CA65E8F-B3E4-4FA8-88CB-FBCC5D4F6C34}"
EndProject
Global
	GlobalSection(SolutionConfigurationPlatforms) = preSolution
		Debug|Any CPU = Debug|Any CPU
		Release|Any CPU = Release|Any CPU
	EndGlobalSection
	GlobalSection(ProjectConfigurationPlatforms) = postSolution
		{9E3B5DAC-9A4A-446D-9F26-99F0FD00361E}.Debug|Any CPU.ActiveCfg = Debug|Any CPU
		{9E3B5DAC-9A4A-446D-9F26-99F0FD00361E}.Debug|Any CPU.Build.0 = Debug|Any CPU
		{9E3B5DAC-9A4A-446D-9F26-99F0FD00361E}.Release|Any CPU.ActiveCfg = Release|Any CPU
		{9E3B5DAC-9A4A-446D-9F26-99F0FD00361E}.Release|Any CPU.Build.0 = Release|Any CPU
		{6383A5DA-25D8-43DB-AB2D-EF96F816DE2A}.Debug|Any CPU.ActiveCfg = Debug|Any CPU
		{6383A5DA-25D8-43DB-AB2D-EF96F816DE2A}.Debug|Any CPU.Build.0 = Debug|Any CPU
		{6383A5DA-25D8-43DB-AB2D-EF96F816DE2A}.Release|Any CPU.ActiveCfg = Release|Any CPU
		{6383A5DA-25D8-43DB-AB2D-EF96F816DE2A}.Release|Any CPU.Build.0 = Release|Any CPU
		{6CA65E8F-B3E4-4FA8-88CB-FBCC5D4F6C34}.Debug|Any CPU.ActiveCfg = Debug|Any CPU
		{6CA65E8F-B3E4-4FA8-88CB-FBCC5D4F6C34}.Debug|Any CPU.Build.0 = Debug|Any CPU
		{6CA65E8F-B3E4-4FA8-88CB-FBCC5D4F6C34}.Release|Any CPU.ActiveCfg = Release|Any CPU
		{6CA65E8F-B3E4-4FA8-88CB-FBCC5D4F6C34}.Release|Any CPU.Build.0 = Release|Any CPU
	EndGlobalSection
	GlobalSection(SolutionProperties) = preSolution
		HideSolutionNode = FALSE
	EndGlobalSection
EndGlobal
