
Microsoft Visual Studio Solution File, Format Version 12.00
# Visual Studio 2012
Project("{FAE04EC0-301F-11D3-BF4B-00C04F79EFBC}") = "Combinations", "Combinations\Combinations.csproj", "{BD021EAB-4359-4F81-80EE-62A62158CEA2}"
EndProject
Project("{FAE04EC0-301F-11D3-BF4B-00C04F79EFBC}") = "Test", "Test\Test.csproj", "{B68BEE79-1D52-4ABB-B477-2AED96FE9898}"
EndProject
Global
	GlobalSection(SolutionConfigurationPlatforms) = preSolution
		Debug|Any CPU = Debug|Any CPU
		Release|Any CPU = Release|Any CPU
	EndGlobalSection
	GlobalSection(ProjectConfigurationPlatforms) = postSolution
		{BD021EAB-4359-4F81-80EE-62A62158CEA2}.Debug|Any CPU.ActiveCfg = Debug|Any CPU
		{BD021EAB-4359-4F81-80EE-62A62158CEA2}.Debug|Any CPU.Build.0 = Debug|Any CPU
		{BD021EAB-4359-4F81-80EE-62A62158CEA2}.Release|Any CPU.ActiveCfg = Release|Any CPU
		{BD021EAB-4359-4F81-80EE-62A62158CEA2}.Release|Any CPU.Build.0 = Release|Any CPU
		{B68BEE79-1D52-4ABB-B477-2AED96FE9898}.Debug|Any CPU.ActiveCfg = Debug|Any CPU
		{B68BEE79-1D52-4ABB-B477-2AED96FE9898}.Debug|Any CPU.Build.0 = Debug|Any CPU
		{B68BEE79-1D52-4ABB-B477-2AED96FE9898}.Release|Any CPU.ActiveCfg = Release|Any CPU
		{B68BEE79-1D52-4ABB-B477-2AED96FE9898}.Release|Any CPU.Build.0 = Release|Any CPU
	EndGlobalSection
	GlobalSection(SolutionProperties) = preSolution
		HideSolutionNode = FALSE
	EndGlobalSection
EndGlobal
