
Microsoft Visual Studio Solution File, Format Version 12.00
# Visual Studio 2012
Project("{FAE04EC0-301F-11D3-BF4B-00C04F79EFBC}") = "Problem1", "Problem1\Problem1.csproj", "{BB0A2EC8-AB4B-4867-8FDD-8ACACA46278C}"
EndProject
Global
	GlobalSection(SolutionConfigurationPlatforms) = preSolution
		Debug|Any CPU = Debug|Any CPU
		Release|Any CPU = Release|Any CPU
	EndGlobalSection
	GlobalSection(ProjectConfigurationPlatforms) = postSolution
		{BB0A2EC8-AB4B-4867-8FDD-8ACACA46278C}.Debug|Any CPU.ActiveCfg = Debug|Any CPU
		{BB0A2EC8-AB4B-4867-8FDD-8ACACA46278C}.Debug|Any CPU.Build.0 = Debug|Any CPU
		{BB0A2EC8-AB4B-4867-8FDD-8ACACA46278C}.Release|Any CPU.ActiveCfg = Release|Any CPU
		{BB0A2EC8-AB4B-4867-8FDD-8ACACA46278C}.Release|Any CPU.Build.0 = Release|Any CPU
	EndGlobalSection
	GlobalSection(SolutionProperties) = preSolution
		HideSolutionNode = FALSE
	EndGlobalSection
EndGlobal
